
Microsoft Visual Studio Solution File, Format Version 12.00
# Visual Studio Version 17
VisualStudioVersion = 17.5.002.0
MinimumVisualStudioVersion = 10.0.40219.1
Project("{9A19103F-16F7-4668-BE54-9A1E7A4F7556}") = "testApp", "testApp.csproj", "{F63AA284-BF30-4A04-A91E-45179554CF29}"
EndProject
Global
	GlobalSection(SolutionConfigurationPlatforms) = preSolution
		Debug|Any CPU = Debug|Any CPU
		Release|Any CPU = Release|Any CPU
	EndGlobalSection
	GlobalSection(ProjectConfigurationPlatforms) = postSolution
		{F63AA284-BF30-4A04-A91E-45179554CF29}.Debug|Any CPU.ActiveCfg = Debug|Any CPU
		{F63AA284-BF30-4A04-A91E-45179554CF29}.Debug|Any CPU.Build.0 = Debug|Any CPU
		{F63AA284-BF30-4A04-A91E-45179554CF29}.Release|Any CPU.ActiveCfg = Release|Any CPU
		{F63AA284-BF30-4A04-A91E-45179554CF29}.Release|Any CPU.Build.0 = Release|Any CPU
	EndGlobalSection
	GlobalSection(SolutionProperties) = preSolution
		HideSolutionNode = FALSE
	EndGlobalSection
	GlobalSection(ExtensibilityGlobals) = postSolution
		SolutionGuid = {E2D7B095-390E-43A4-8539-016D45003690}
	EndGlobalSection
EndGlobal
